
Microsoft Visual Studio Solution File, Format Version 12.00
# Visual Studio Version 16
VisualStudioVersion = 16.0.29609.76
MinimumVisualStudioVersion = 10.0.40219.1
Project("{FAE04EC0-301F-11D3-BF4B-00C04F79EFBC}") = "MSpecs.Demo", "MSpecs.Demo\MSpecs.Demo.csproj", "{4851F380-E0EC-4149-9A69-DC8E2F624F1F}"
EndProject
Project("{FAE04EC0-301F-11D3-BF4B-00C04F79EFBC}") = "MSpecs.Demo.Tests", "MSpecs.Demo.Tests\MSpecs.Demo.Tests.csproj", "{C66E7492-7805-48BD-A7A0-BAFF75E82F37}"
EndProject
Project("{FAE04EC0-301F-11D3-BF4B-00C04F79EFBC}") = "NUnitTest.Demo", "NUnitTest.Demo\NUnitTest.Demo.csproj", "{D12A05A6-237B-4858-A17B-4E2FF071E4F4}"
EndProject
Project("{FAE04EC0-301F-11D3-BF4B-00C04F79EFBC}") = "NUnitTest.Demo.Test", "NUnitTest.Demo.Test\NUnitTest.Demo.Test.csproj", "{981C5390-C60D-459A-BC21-2D389D28E61A}"
EndProject
Global
	GlobalSection(SolutionConfigurationPlatforms) = preSolution
		Debug|Any CPU = Debug|Any CPU
		Release|Any CPU = Release|Any CPU
	EndGlobalSection
	GlobalSection(ProjectConfigurationPlatforms) = postSolution
		{4851F380-E0EC-4149-9A69-DC8E2F624F1F}.Debug|Any CPU.ActiveCfg = Debug|Any CPU
		{4851F380-E0EC-4149-9A69-DC8E2F624F1F}.Debug|Any CPU.Build.0 = Debug|Any CPU
		{4851F380-E0EC-4149-9A69-DC8E2F624F1F}.Release|Any CPU.ActiveCfg = Release|Any CPU
		{4851F380-E0EC-4149-9A69-DC8E2F624F1F}.Release|Any CPU.Build.0 = Release|Any CPU
		{C66E7492-7805-48BD-A7A0-BAFF75E82F37}.Debug|Any CPU.ActiveCfg = Debug|Any CPU
		{C66E7492-7805-48BD-A7A0-BAFF75E82F37}.Debug|Any CPU.Build.0 = Debug|Any CPU
		{C66E7492-7805-48BD-A7A0-BAFF75E82F37}.Release|Any CPU.ActiveCfg = Release|Any CPU
		{C66E7492-7805-48BD-A7A0-BAFF75E82F37}.Release|Any CPU.Build.0 = Release|Any CPU
		{D12A05A6-237B-4858-A17B-4E2FF071E4F4}.Debug|Any CPU.ActiveCfg = Debug|Any CPU
		{D12A05A6-237B-4858-A17B-4E2FF071E4F4}.Debug|Any CPU.Build.0 = Debug|Any CPU
		{D12A05A6-237B-4858-A17B-4E2FF071E4F4}.Release|Any CPU.ActiveCfg = Release|Any CPU
		{D12A05A6-237B-4858-A17B-4E2FF071E4F4}.Release|Any CPU.Build.0 = Release|Any CPU
		{981C5390-C60D-459A-BC21-2D389D28E61A}.Debug|Any CPU.ActiveCfg = Debug|Any CPU
		{981C5390-C60D-459A-BC21-2D389D28E61A}.Debug|Any CPU.Build.0 = Debug|Any CPU
		{981C5390-C60D-459A-BC21-2D389D28E61A}.Release|Any CPU.ActiveCfg = Release|Any CPU
		{981C5390-C60D-459A-BC21-2D389D28E61A}.Release|Any CPU.Build.0 = Release|Any CPU
	EndGlobalSection
	GlobalSection(SolutionProperties) = preSolution
		HideSolutionNode = FALSE
	EndGlobalSection
	GlobalSection(ExtensibilityGlobals) = postSolution
		SolutionGuid = {A2294E1F-B631-49C7-8439-38AE594FECDD}
	EndGlobalSection
EndGlobal
